github.com/moby/buildkit v0.34.0 h1:bG5h2y1s5IVvc/uSGo6hVlYbd2eXVFRuADl9Zf+jeJM=
github.com/moby/buildkit v0.34.0/go.mod h1:e+Za70y2a3nL1U2Y0P8TvhPyKp2Ok2NS+Q4siSArDiM=
github.com/moby/patternmatcher v0.6.1 h1:qlhtafmr6kgMIJjKJMDmMWq7WLkKIo23hsrpR3x084U=
github.com/moby/patternmatcher v0.6.1/go.mod h1:hDPoyOpDY7OrrMDLaYoY3hf52gNCR/YOUYxkhApJIxc=
