github.com/moby/buildkit v0.12.3 h1:cFaPVnyC0PwAP5xHHfzdU5v9rgQrCi6HnGSg3WuFKp4=
github.com/moby/buildkit v0.12.3/go.mod h1:adB4y0SxxX8trnrY+oEulb48ODLqPO6pKMF0ppGcCoI=
github.com/moby/patternmatcher v0.6.0 h1:GmP9lR19aU5GqSSFko+5pRqHi+Ohk1O69aFiKkVGiPk=
github.com/moby/patternmatcher v0.6.0/go.mod h1:hDPoyOpDY7OrrMDLaYoY3hf52gNCR/YOUYxkhApJIxc=
github.com/pkg/errors v0.9.1 h1:FEBLx1zS214owpjy7qsBeixbURkuhQAwrK5UwLGTwt4=
github.com/pkg/errors v0.9.1/go.mod h1:bwawxfHBFNV+L2hUp1rHADufV3IMtnDRdf1r5NINEl0=
