github.com/moby/buildkit v0.13.2 h1:nXNszM4qD9E7QtG7bFWPnDI1teUQFQglBzon/IU3SzI=
github.com/moby/buildkit v0.13.2/go.mod h1:2cyVOv9NoHM7arphK9ZfHIWKn9YVZRFd1wXB8kKmEzY=
github.com/moby/patternmatcher v0.6.0 h1:GmP9lR19aU5GqSSFko+5pRqHi+Ohk1O69aFiKkVGiPk=
github.com/moby/patternmatcher v0.6.0/go.mod h1:hDPoyOpDY7OrrMDLaYoY3hf52gNCR/YOUYxkhApJIxc=
